# @generated - this file is auto-generated by `mise lock` https://mise.jdx.dev/dev-tools/mise-lock.html

[[tools.actionlint]]
version = "1.7.12"
backend = "aqua:rhysd/actionlint"

[[tools.prek]]
version = "0.4.11"
backend = "aqua:j178/prek"

[[tools.shellcheck]]
version = "0.10.0"
backend = "asdf:shellcheck"

[[tools.typos]]
version = "1.47.1"
backend = "aqua:crate-ci/typos"
